
Microsoft Visual Studio Solution File, Format Version 12.00
# Visual Studio 15
VisualStudioVersion = 15.0.27130.2010
MinimumVisualStudioVersion = 10.0.40219.1
Project("{FAE04EC0-301F-11D3-BF4B-00C04F79EFBC}") = "ShikiNet", "ShikiNet\ShikiNet.csproj", "{4ECB754E-E55A-4F22-B682-FFD8BF7B05B4}"
EndProject
Global
	GlobalSection(SolutionConfigurationPlatforms) = preSolution
		Debug|Any CPU = Debug|Any CPU
		Release|Any CPU = Release|Any CPU
	EndGlobalSection
	GlobalSection(ProjectConfigurationPlatforms) = postSolution
		{4ECB754E-E55A-4F22-B682-FFD8BF7B05B4}.Debug|Any CPU.ActiveCfg = Debug|Any CPU
		{4ECB754E-E55A-4F22-B682-FFD8BF7B05B4}.Debug|Any CPU.Build.0 = Debug|Any CPU
		{4ECB754E-E55A-4F22-B682-FFD8BF7B05B4}.Release|Any CPU.ActiveCfg = Release|Any CPU
		{4ECB754E-E55A-4F22-B682-FFD8BF7B05B4}.Release|Any CPU.Build.0 = Release|Any CPU
	EndGlobalSection
	GlobalSection(SolutionProperties) = preSolution
		HideSolutionNode = FALSE
	EndGlobalSection
	GlobalSection(ExtensibilityGlobals) = postSolution
		SolutionGuid = {1088D41A-6F29-4F6F-83ED-AA71CEDED0F8}
	EndGlobalSection
EndGlobal
